# THIS IS AN AUTOGENERATED FILE. DO NOT EDIT THIS FILE DIRECTLY.
# yarn lockfile v1


"eslint-config-uralsib@file:.":
  version "1.0.0"
  dependencies:
    eslint-config-uralsib "file:../../Library/Caches/Yarn/v5/npm-eslint-config-uralsib-1.0.0-2f0e1350-fab9-4303-9024-1a1eec2ad75a-1615563368119/node_modules/eslint-config-uralsib"
